// !$*UTF8*$!
{
	archiveVersion = 1;
	classes = {
	};
	objectVersion = 50;
	objects = {

/* Begin PBXBuildFile section */
		09B394A020F52C8500C5863B /* AppDelegate.m in Sources */ = {isa = PBXBuildFile; fileRef = 09B3949F20F52C8500C5863B /* AppDelegate.m */; };
		09B394A320F52C8500C5863B /* ViewController.m in Sources */ = {isa = PBXBuildFile; fileRef = 09B394A220F52C8500C5863B /* ViewController.m */; };
		09B394A620F52C8500C5863B /* Main.storyboard in Resources */ = {isa = PBXBuildFile; fileRef = 09B394A420F52C8500C5863B /* Main.storyboard */; };
		09B394A820F52C8600C5863B /* Assets.xcassets in Resources */ = {isa = PBXBuildFile; fileRef = 09B394A720F52C8600C5863B /* Assets.xcassets */; };
		09B394AB20F52C8600C5863B /* LaunchScreen.storyboard in Resources */ = {isa = PBXBuildFile; fileRef = 09B394A920F52C8600C5863B /* LaunchScreen.storyboard */; };
		09B394AE20F52C8600C5863B /* main.m in Sources */ = {isa = PBXBuildFile; fileRef = 09B394AD20F52C8600C5863B /* main.m */; };
		09B394B620F52CE400C5863B /* TableViewCell.m in Sources */ = {isa = PBXBuildFile; fileRef = 09B394B520F52CE400C5863B /* TableViewCell.m */; };
		09B394B920F52F1D00C5863B /* TableViewController.m in Sources */ = {isa = PBXBuildFile; fileRef = 09B394B820F52F1D00C5863B /* TableViewController.m */; };
		09B394BD20F5330100C5863B /* plotva.jpg in Resources */ = {isa = PBXBuildFile; fileRef = 09B394BA20F5330000C5863B /* plotva.jpg */; };
		09B394BE20F5330100C5863B /* shuka.jpg in Resources */ = {isa = PBXBuildFile; fileRef = 09B394BB20F5330000C5863B /* shuka.jpg */; };
		09B394BF20F5330100C5863B /* okun.jpg in Resources */ = {isa = PBXBuildFile; fileRef = 09B394BC20F5330100C5863B /* okun.jpg */; };
		09B394C220F53F0D00C5863B /* DetailViewController.m in Sources */ = {isa = PBXBuildFile; fileRef = 09B394C120F53F0D00C5863B /* DetailViewController.m */; };
/* End PBXBuildFile section */

/* Begin PBXFileReference section */
		09B3949B20F52C8500C5863B /* ObjC_TableView2.app */ = {isa = PBXFileReference; explicitFileType = wrapper.application; includeInIndex = 0; path = ObjC_TableView2.app; sourceTree = BUILT_PRODUCTS_DIR; };
		09B3949E20F52C8500C5863B /* AppDelegate.h */ = {isa = PBXFileReference; lastKnownFileType = sourcecode.c.h; path = AppDelegate.h; sourceTree = "<group>"; };
		09B3949F20F52C8500C5863B /* AppDelegate.m */ = {isa = PBXFileReference; lastKnownFileType = sourcecode.c.objc; path = AppDelegate.m; sourceTree = "<group>"; };
		09B394A120F52C8500C5863B /* ViewController.h */ = {isa = PBXFileReference; lastKnownFileType = sourcecode.c.h; path = ViewController.h; sourceTree = "<group>"; };
		09B394A220F52C8500C5863B /* ViewController.m */ = {isa = PBXFileReference; lastKnownFileType = sourcecode.c.objc; path = ViewController.m; sourceTree = "<group>"; };
		09B394A520F52C8500C5863B /* Base */ = {isa = PBXFileReference; lastKnownFileType = file.storyboard; name = Base; path = Base.lproj/Main.storyboard; sourceTree = "<group>"; };
		09B394A720F52C8600C5863B /* Assets.xcassets */ = {isa = PBXFileReference; lastKnownFileType = folder.assetcatalog; path = Assets.xcassets; sourceTree = "<group>"; };
		09B394AA20F52C8600C5863B /* Base */ = {isa = PBXFileReference; lastKnownFileType = file.storyboard; name = Base; path = Base.lproj/LaunchScreen.storyboard; sourceTree = "<group>"; };
		09B394AC20F52C8600C5863B /* Info.plist */ = {isa = PBXFileReference; lastKnownFileType = text.plist.xml; path = Info.plist; sourceTree = "<group>"; };
		09B394AD20F52C8600C5863B /* main.m */ = {isa = PBXFileReference; lastKnownFileType = sourcecode.c.objc; path = main.m; sourceTree = "<group>"; };
		09B394B420F52CE400C5863B /* TableViewCell.h */ = {isa = PBXFileReference; lastKnownFileType = sourcecode.c.h; path = TableViewCell.h; sourceTree = "<group>"; };
		09B394B520F52CE400C5863B /* TableViewCell.m */ = {isa = PBXFileReference; lastKnownFileType = sourcecode.c.objc; path = TableViewCell.m; sourceTree = "<group>"; };
		09B394B720F52F1D00C5863B /* TableViewController.h */ = {isa = PBXFileReference; lastKnownFileType = sourcecode.c.h; path = TableViewController.h; sourceTree = "<group>"; };
		09B394B820F52F1D00C5863B /* TableViewController.m */ = {isa = PBXFileReference; lastKnownFileType = sourcecode.c.objc; path = TableViewController.m; sourceTree = "<group>"; };
		09B394BA20F5330000C5863B /* plotva.jpg */ = {isa = PBXFileReference; lastKnownFileType = image.jpeg; path = plotva.jpg; sourceTree = "<group>"; };
		09B394BB20F5330000C5863B /* shuka.jpg */ = {isa = PBXFileReference; lastKnownFileType = image.jpeg; path = shuka.jpg; sourceTree = "<group>"; };
		09B394BC20F5330100C5863B /* okun.jpg */ = {isa = PBXFileReference; lastKnownFileType = image.jpeg; path = okun.jpg; sourceTree = "<group>"; };
		09B394C020F53F0D00C5863B /* DetailViewController.h */ = {isa = PBXFileReference; lastKnownFileType = sourcecode.c.h; path = DetailViewController.h; sourceTree = "<group>"; };
		09B394C120F53F0D00C5863B /* DetailViewController.m */ = {isa = PBXFileReference; lastKnownFileType = sourcecode.c.objc; path = DetailViewController.m; sourceTree = "<group>"; };
/* End PBXFileReference section */

/* Begin PBXFrameworksBuildPhase section */
		09B3949820F52C8500C5863B /* Frameworks */ = {
			isa = PBXFrameworksBuildPhase;
			buildActionMask = 2147483647;
			files = (
			);
			runOnlyForDeploymentPostprocessing = 0;
		};
/* End PBXFrameworksBuildPhase section */

/* Begin PBXGroup section */
		09B3949220F52C8500C5863B = {
			isa = PBXGroup;
			children = (
				09B3949D20F52C8500C5863B /* ObjC_TableView2 */,
				09B3949C20F52C8500C5863B /* Products */,
			);
			sourceTree = "<group>";
		};
		09B3949C20F52C8500C5863B /* Products */ = {
			isa = PBXGroup;
			children = (
				09B3949B20F52C8500C5863B /* ObjC_TableView2.app */,
			);
			name = Products;
			sourceTree = "<group>";
		};
		09B3949D20F52C8500C5863B /* ObjC_TableView2 */ = {
			isa = PBXGroup;
			children = (
				09B3949E20F52C8500C5863B /* AppDelegate.h */,
				09B3949F20F52C8500C5863B /* AppDelegate.m */,
				09B394A120F52C8500C5863B /* ViewController.h */,
				09B394A220F52C8500C5863B /* ViewController.m */,
				09B394A420F52C8500C5863B /* Main.storyboard */,
				09B394A720F52C8600C5863B /* Assets.xcassets */,
				09B394A920F52C8600C5863B /* LaunchScreen.storyboard */,
				09B394AC20F52C8600C5863B /* Info.plist */,
				09B394AD20F52C8600C5863B /* main.m */,
				09B394B420F52CE400C5863B /* TableViewCell.h */,
				09B394B520F52CE400C5863B /* TableViewCell.m */,
				09B394B720F52F1D00C5863B /* TableViewController.h */,
				09B394B820F52F1D00C5863B /* TableViewController.m */,
				09B394BC20F5330100C5863B /* okun.jpg */,
				09B394BA20F5330000C5863B /* plotva.jpg */,
				09B394BB20F5330000C5863B /* shuka.jpg */,
				09B394C020F53F0D00C5863B /* DetailViewController.h */,
				09B394C120F53F0D00C5863B /* DetailViewController.m */,
			);
			path = ObjC_TableView2;
			sourceTree = "<group>";
		};
/* End PBXGroup section */

/* Begin PBXNativeTarget section */
		09B3949A20F52C8500C5863B /* ObjC_TableView2 */ = {
			isa = PBXNativeTarget;
			buildConfigurationList = 09B394B120F52C8600C5863B /* Build configuration list for PBXNativeTarget "ObjC_TableView2" */;
			buildPhases = (
				09B3949720F52C8500C5863B /* Sources */,
				09B3949820F52C8500C5863B /* Frameworks */,
				09B3949920F52C8500C5863B /* Resources */,
			);
			buildRules = (
			);
			dependencies = (
			);
			name = ObjC_TableView2;
			productName = ObjC_TableView2;
			productReference = 09B3949B20F52C8500C5863B /* ObjC_TableView2.app */;
			productType = "com.apple.product-type.application";
		};
/* End PBXNativeTarget section */

/* Begin PBXProject section */
		09B3949320F52C8500C5863B /* Project object */ = {
			isa = PBXProject;
			attributes = {
				LastUpgradeCheck = 0940;
				ORGANIZATIONNAME = "Илья Юхновский";
				TargetAttributes = {
					09B3949A20F52C8500C5863B = {
						CreatedOnToolsVersion = 9.4.1;
					};
				};
			};
			buildConfigurationList = 09B3949620F52C8500C5863B /* Build configuration list for PBXProject "ObjC_TableView2" */;
			compatibilityVersion = "Xcode 9.3";
			developmentRegion = en;
			hasScannedForEncodings = 0;
			knownRegions = (
				en,
				Base,
			);
			mainGroup = 09B3949220F52C8500C5863B;
			productRefGroup = 09B3949C20F52C8500C5863B /* Products */;
			projectDirPath = "";
			projectRoot = "";
			targets = (
				09B3949A20F52C8500C5863B /* ObjC_TableView2 */,
			);
		};
/* End PBXProject section */

/* Begin PBXResourcesBuildPhase section */
		09B3949920F52C8500C5863B /* Resources */ = {
			isa = PBXResourcesBuildPhase;
			buildActionMask = 2147483647;
			files = (
				09B394BE20F5330100C5863B /* shuka.jpg in Resources */,
				09B394AB20F52C8600C5863B /* LaunchScreen.storyboard in Resources */,
				09B394A820F52C8600C5863B /* Assets.xcassets in Resources */,
				09B394A620F52C8500C5863B /* Main.storyboard in Resources */,
				09B394BF20F5330100C5863B /* okun.jpg in Resources */,
				09B394BD20F5330100C5863B /* plotva.jpg in Resources */,
			);
			runOnlyForDeploymentPostprocessing = 0;
		};
/* End PBXResourcesBuildPhase section */

/* Begin PBXSourcesBuildPhase section */
		09B3949720F52C8500C5863B /* Sources */ = {
			isa = PBXSourcesBuildPhase;
			buildActionMask = 2147483647;
			files = (
				09B394A320F52C8500C5863B /* ViewController.m in Sources */,
				09B394B620F52CE400C5863B /* TableViewCell.m in Sources */,
				09B394AE20F52C8600C5863B /* main.m in Sources */,
				09B394B920F52F1D00C5863B /* TableViewController.m in Sources */,
				09B394A020F52C8500C5863B /* AppDelegate.m in Sources */,
				09B394C220F53F0D00C5863B /* DetailViewController.m in Sources */,
			);
			runOnlyForDeploymentPostprocessing = 0;
		};
/* End PBXSourcesBuildPhase section */

/* Begin PBXVariantGroup section */
		09B394A420F52C8500C5863B /* Main.storyboard */ = {
			isa = PBXVariantGroup;
			children = (
				09B394A520F52C8500C5863B /* Base */,
			);
			name = Main.storyboard;
			sourceTree = "<group>";
		};
		09B394A920F52C8600C5863B /* LaunchScreen.storyboard */ = {
			isa = PBXVariantGroup;
			children = (
				09B394AA20F52C8600C5863B /* Base */,
			);
			name = LaunchScreen.storyboard;
			sourceTree = "<group>";
		};
/* End PBXVariantGroup section */

/* Begin XCBuildConfiguration section */
		09B394AF20F52C8600C5863B /* Debug */ = {
			isa = XCBuildConfiguration;
			buildSettings = {
				ALWAYS_SEARCH_USER_PATHS = NO;
				CLANG_ANALYZER_NONNULL = YES;
				CLANG_ANALYZER_NUMBER_OBJECT_CONVERSION = YES_AGGRESSIVE;
				CLANG_CXX_LANGUAGE_STANDARD = "gnu++14";
				CLANG_CXX_LIBRARY = "libc++";
				CLANG_ENABLE_MODULES = YES;
				CLANG_ENABLE_OBJC_ARC = YES;
				CLANG_ENABLE_OBJC_WEAK = YES;
				CLANG_WARN_BLOCK_CAPTURE_AUTORELEASING = YES;
				CLANG_WARN_BOOL_CONVERSION = YES;
				CLANG_WARN_COMMA = YES;
				CLANG_WARN_CONSTANT_CONVERSION = YES;
				CLANG_WARN_DEPRECATED_OBJC_IMPLEMENTATIONS = YES;
				CLANG_WARN_DIRECT_OBJC_ISA_USAGE = YES_ERROR;
				CLANG_WARN_DOCUMENTATION_COMMENTS = YES;
				CLANG_WARN_EMPTY_BODY = YES;
				CLANG_WARN_ENUM_CONVERSION = YES;
				CLANG_WARN_INFINITE_RECURSION = YES;
				CLANG_WARN_INT_CONVERSION = YES;
				CLANG_WARN_NON_LITERAL_NULL_CONVERSION = YES;
				CLANG_WARN_OBJC_IMPLICIT_RETAIN_SELF = YES;
				CLANG_WARN_OBJC_LITERAL_CONVERSION = YES;
				CLANG_WARN_OBJC_ROOT_CLASS = YES_ERROR;
				CLANG_WARN_RANGE_LOOP_ANALYSIS = YES;
				CLANG_WARN_STRICT_PROTOTYPES = YES;
				CLANG_WARN_SUSPICIOUS_MOVE = YES;
				CLANG_WARN_UNGUARDED_AVAILABILITY = YES_AGGRESSIVE;
				CLANG_WARN_UNREACHABLE_CODE = YES;
				CLANG_WARN__DUPLICATE_METHOD_MATCH = YES;
				CODE_SIGN_IDENTITY = "iPhone Developer";
				COPY_PHASE_STRIP = NO;
				DEBUG_INFORMATION_FORMAT = dwarf;
				ENABLE_STRICT_OBJC_MSGSEND = YES;
				ENABLE_TESTABILITY = YES;
				GCC_C_LANGUAGE_STANDARD = gnu11;
				GCC_DYNAMIC_NO_PIC = NO;
				GCC_NO_COMMON_BLOCKS = YES;
				GCC_OPTIMIZATION_LEVEL = 0;
				GCC_PREPROCESSOR_DEFINITIONS = (
					"DEBUG=1",
					"$(inherited)",
				);
				GCC_WARN_64_TO_32_BIT_CONVERSION = YES;
				GCC_WARN_ABOUT_RETURN_TYPE = YES_ERROR;
				GCC_WARN_UNDECLARED_SELECTOR = YES;
				GCC_WARN_UNINITIALIZED_AUTOS = YES_AGGRESSIVE;
				GCC_WARN_UNUSED_FUNCTION = YES;
				GCC_WARN_UNUSED_VARIABLE = YES;
				IPHONEOS_DEPLOYMENT_TARGET = 11.4;
				MTL_ENABLE_DEBUG_INFO = YES;
				ONLY_ACTIVE_ARCH = YES;
				SDKROOT = iphoneos;
			};
			name = Debug;
		};
		09B394B020F52C8600C5863B /* Release */ = {
			isa = XCBuildConfiguration;
			buildSettings = {
				ALWAYS_SEARCH_USER_PATHS = NO;
				CLANG_ANALYZER_NONNULL = YES;
				CLANG_ANALYZER_NUMBER_OBJECT_CONVERSION = YES_AGGRESSIVE;
				CLANG_CXX_LANGUAGE_STANDARD = "gnu++14";
				CLANG_CXX_LIBRARY = "libc++";
				CLANG_ENABLE_MODULES = YES;
				CLANG_ENABLE_OBJC_ARC = YES;
				CLANG_ENABLE_OBJC_WEAK = YES;
				CLANG_WARN_BLOCK_CAPTURE_AUTORELEASING = YES;
				CLANG_WARN_BOOL_CONVERSION = YES;
				CLANG_WARN_COMMA = YES;
				CLANG_WARN_CONSTANT_CONVERSION = YES;
				CLANG_WARN_DEPRECATED_OBJC_IMPLEMENTATIONS = YES;
				CLANG_WARN_DIRECT_OBJC_ISA_USAGE = YES_ERROR;
				CLANG_WARN_DOCUMENTATION_COMMENTS = YES;
				CLANG_WARN_EMPTY_BODY = YES;
				CLANG_WARN_ENUM_CONVERSION = YES;
				CLANG_WARN_INFINITE_RECURSION = YES;
				CLANG_WARN_INT_CONVERSION = YES;
				CLANG_WARN_NON_LITERAL_NULL_CONVERSION = YES;
				CLANG_WARN_OBJC_IMPLICIT_RETAIN_SELF = YES;
				CLANG_WARN_OBJC_LITERAL_CONVERSION = YES;
				CLANG_WARN_OBJC_ROOT_CLASS = YES_ERROR;
				CLANG_WARN_RANGE_LOOP_ANALYSIS = YES;
				CLANG_WARN_STRICT_PROTOTYPES = YES;
				CLANG_WARN_SUSPICIOUS_MOVE = YES;
				CLANG_WARN_UNGUARDED_AVAILABILITY = YES_AGGRESSIVE;
				CLANG_WARN_UNREACHABLE_CODE = YES;
				CLANG_WARN__DUPLICATE_METHOD_MATCH = YES;
				CODE_SIGN_IDENTITY = "iPhone Developer";
				COPY_PHASE_STRIP = NO;
				DEBUG_INFORMATION_FORMAT = "dwarf-with-dsym";
				ENABLE_NS_ASSERTIONS = NO;
				ENABLE_STRICT_OBJC_MSGSEND = YES;
				GCC_C_LANGUAGE_STANDARD = gnu11;
				GCC_NO_COMMON_BLOCKS = YES;
				GCC_WARN_64_TO_32_BIT_CONVERSION = YES;
				GCC_WARN_ABOUT_RETURN_TYPE = YES_ERROR;
				GCC_WARN_UNDECLARED_SELECTOR = YES;
				GCC_WARN_UNINITIALIZED_AUTOS = YES_AGGRESSIVE;
				GCC_WARN_UNUSED_FUNCTION = YES;
				GCC_WARN_UNUSED_VARIABLE = YES;
				IPHONEOS_DEPLOYMENT_TARGET = 11.4;
				MTL_ENABLE_DEBUG_INFO = NO;
				SDKROOT = iphoneos;
				VALIDATE_PRODUCT = YES;
			};
			name = Release;
		};
		09B394B220F52C8600C5863B /* Debug */ = {
			isa = XCBuildConfiguration;
			buildSettings = {
				ASSETCATALOG_COMPILER_APPICON_NAME = AppIcon;
				CODE_SIGN_STYLE = Automatic;
				DEVELOPMENT_TEAM = ZKNT78S249;
				INFOPLIST_FILE = ObjC_TableView2/Info.plist;
				LD_RUNPATH_SEARCH_PATHS = (
					"$(inherited)",
					"@executable_path/Frameworks",
				);
				PRODUCT_BUNDLE_IDENTIFIER = "sberbank.ru.ObjC-TableView2";
				PRODUCT_NAME = "$(TARGET_NAME)";
				TARGETED_DEVICE_FAMILY = "1,2";
			};
			name = Debug;
		};
		09B394B320F52C8600C5863B /* Release */ = {
			isa = XCBuildConfiguration;
			buildSettings = {
				ASSETCATALOG_COMPILER_APPICON_NAME = AppIcon;
				CODE_SIGN_STYLE = Automatic;
				DEVELOPMENT_TEAM = ZKNT78S249;
				INFOPLIST_FILE = ObjC_TableView2/Info.plist;
				LD_RUNPATH_SEARCH_PATHS = (
					"$(inherited)",
					"@executable_path/Frameworks",
				);
				PRODUCT_BUNDLE_IDENTIFIER = "sberbank.ru.ObjC-TableView2";
				PRODUCT_NAME = "$(TARGET_NAME)";
				TARGETED_DEVICE_FAMILY = "1,2";
			};
			name = Release;
		};
/* End XCBuildConfiguration section */

/* Begin XCConfigurationList section */
		09B3949620F52C8500C5863B /* Build configuration list for PBXProject "ObjC_TableView2" */ = {
			isa = XCConfigurationList;
			buildConfigurations = (
				09B394AF20F52C8600C5863B /* Debug */,
				09B394B020F52C8600C5863B /* Release */,
			);
			defaultConfigurationIsVisible = 0;
			defaultConfigurationName = Release;
		};
		09B394B120F52C8600C5863B /* Build configuration list for PBXNativeTarget "ObjC_TableView2" */ = {
			isa = XCConfigurationList;
			buildConfigurations = (
				09B394B220F52C8600C5863B /* Debug */,
				09B394B320F52C8600C5863B /* Release */,
			);
			defaultConfigurationIsVisible = 0;
			defaultConfigurationName = Release;
		};
/* End XCConfigurationList section */
	};
	rootObject = 09B3949320F52C8500C5863B /* Project object */;
}
